
Microsoft Visual Studio Solution File, Format Version 12.00
# Visual Studio 15
VisualStudioVersion = 15.0.26730.0
MinimumVisualStudioVersion = 10.0.40219.1
Project("{9A19103F-16F7-4668-BE54-9A1E7A4F7556}") = "Responsible", "Responsible\Responsible.csproj", "{E37B55D3-3312-463F-B1CE-D864846C0BF4}"
EndProject
Project("{2150E333-8FDC-42A3-9474-1A3956D46DE8}") = "UI", "UI", "{86AF788E-0870-4C88-B6E5-205629C868EB}"
EndProject
Project("{9A19103F-16F7-4668-BE54-9A1E7A4F7556}") = "ResponsibleTest", "ResponsibleTest\ResponsibleTest.csproj", "{80918746-37E0-4FC3-896F-94EAD643BF2A}"
EndProject
Project("{2150E333-8FDC-42A3-9474-1A3956D46DE8}") = "Service", "Service", "{DD615CDE-F54B-419D-AC1B-9990D46F7F90}"
EndProject
Project("{9A19103F-16F7-4668-BE54-9A1E7A4F7556}") = "ViewModel", "ViewModel\ViewModel.csproj", "{0480F31A-C38F-4611-96F8-CF3ADA6E2EDD}"
EndProject
Project("{9A19103F-16F7-4668-BE54-9A1E7A4F7556}") = "ProductionService", "ProductionService\ProductionService.csproj", "{4BA8DDD2-C45A-48F4-BA6E-A2F334135574}"
EndProject
Project("{9A19103F-16F7-4668-BE54-9A1E7A4F7556}") = "ServiceInterface", "ServiceInterface\ServiceInterface.csproj", "{683F82B5-503D-4B25-BE9E-2C872D6223AB}"
EndProject
Project("{9A19103F-16F7-4668-BE54-9A1E7A4F7556}") = "UIDevService", "UIDevService\UIDevService.csproj", "{A8B09E8D-A68F-41E8-9E57-93A0653F752E}"
EndProject
Project("{2150E333-8FDC-42A3-9474-1A3956D46DE8}") = "UnitTest", "UnitTest", "{79CD3F5C-4221-4794-8F03-06DDFA5C613C}"
EndProject
Global
	GlobalSection(SolutionConfigurationPlatforms) = preSolution
		Debug|Any CPU = Debug|Any CPU
		Release|Any CPU = Release|Any CPU
	EndGlobalSection
	GlobalSection(ProjectConfigurationPlatforms) = postSolution
		{E37B55D3-3312-463F-B1CE-D864846C0BF4}.Debug|Any CPU.ActiveCfg = Debug|Any CPU
		{E37B55D3-3312-463F-B1CE-D864846C0BF4}.Debug|Any CPU.Build.0 = Debug|Any CPU
		{E37B55D3-3312-463F-B1CE-D864846C0BF4}.Release|Any CPU.ActiveCfg = Release|Any CPU
		{E37B55D3-3312-463F-B1CE-D864846C0BF4}.Release|Any CPU.Build.0 = Release|Any CPU
		{80918746-37E0-4FC3-896F-94EAD643BF2A}.Debug|Any CPU.ActiveCfg = Debug|Any CPU
		{80918746-37E0-4FC3-896F-94EAD643BF2A}.Debug|Any CPU.Build.0 = Debug|Any CPU
		{80918746-37E0-4FC3-896F-94EAD643BF2A}.Release|Any CPU.ActiveCfg = Release|Any CPU
		{80918746-37E0-4FC3-896F-94EAD643BF2A}.Release|Any CPU.Build.0 = Release|Any CPU
		{0480F31A-C38F-4611-96F8-CF3ADA6E2EDD}.Debug|Any CPU.ActiveCfg = Debug|Any CPU
		{0480F31A-C38F-4611-96F8-CF3ADA6E2EDD}.Debug|Any CPU.Build.0 = Debug|Any CPU
		{0480F31A-C38F-4611-96F8-CF3ADA6E2EDD}.Release|Any CPU.ActiveCfg = Release|Any CPU
		{0480F31A-C38F-4611-96F8-CF3ADA6E2EDD}.Release|Any CPU.Build.0 = Release|Any CPU
		{4BA8DDD2-C45A-48F4-BA6E-A2F334135574}.Debug|Any CPU.ActiveCfg = Debug|Any CPU
		{4BA8DDD2-C45A-48F4-BA6E-A2F334135574}.Debug|Any CPU.Build.0 = Debug|Any CPU
		{4BA8DDD2-C45A-48F4-BA6E-A2F334135574}.Release|Any CPU.ActiveCfg = Release|Any CPU
		{4BA8DDD2-C45A-48F4-BA6E-A2F334135574}.Release|Any CPU.Build.0 = Release|Any CPU
		{683F82B5-503D-4B25-BE9E-2C872D6223AB}.Debug|Any CPU.ActiveCfg = Debug|Any CPU
		{683F82B5-503D-4B25-BE9E-2C872D6223AB}.Debug|Any CPU.Build.0 = Debug|Any CPU
		{683F82B5-503D-4B25-BE9E-2C872D6223AB}.Release|Any CPU.ActiveCfg = Release|Any CPU
		{683F82B5-503D-4B25-BE9E-2C872D6223AB}.Release|Any CPU.Build.0 = Release|Any CPU
		{A8B09E8D-A68F-41E8-9E57-93A0653F752E}.Debug|Any CPU.ActiveCfg = Debug|Any CPU
		{A8B09E8D-A68F-41E8-9E57-93A0653F752E}.Debug|Any CPU.Build.0 = Debug|Any CPU
		{A8B09E8D-A68F-41E8-9E57-93A0653F752E}.Release|Any CPU.ActiveCfg = Release|Any CPU
		{A8B09E8D-A68F-41E8-9E57-93A0653F752E}.Release|Any CPU.Build.0 = Release|Any CPU
	EndGlobalSection
	GlobalSection(SolutionProperties) = preSolution
		HideSolutionNode = FALSE
	EndGlobalSection
	GlobalSection(NestedProjects) = preSolution
		{E37B55D3-3312-463F-B1CE-D864846C0BF4} = {86AF788E-0870-4C88-B6E5-205629C868EB}
		{80918746-37E0-4FC3-896F-94EAD643BF2A} = {79CD3F5C-4221-4794-8F03-06DDFA5C613C}
		{0480F31A-C38F-4611-96F8-CF3ADA6E2EDD} = {DD615CDE-F54B-419D-AC1B-9990D46F7F90}
		{4BA8DDD2-C45A-48F4-BA6E-A2F334135574} = {DD615CDE-F54B-419D-AC1B-9990D46F7F90}
		{683F82B5-503D-4B25-BE9E-2C872D6223AB} = {DD615CDE-F54B-419D-AC1B-9990D46F7F90}
		{A8B09E8D-A68F-41E8-9E57-93A0653F752E} = {DD615CDE-F54B-419D-AC1B-9990D46F7F90}
	EndGlobalSection
	GlobalSection(ExtensibilityGlobals) = postSolution
		SolutionGuid = {D6A61A44-B112-4AAF-8055-56F7F78E9FEF}
	EndGlobalSection
EndGlobal
